
Microsoft Visual Studio Solution File, Format Version 12.00
# Visual Studio Express 2012 for Windows Desktop
Project("{FAE04EC0-301F-11D3-BF4B-00C04F79EFBC}") = "GenericCollectionsDemoApp", "GenericCollectionsDemoApp.csproj", "{981B4266-DEC6-40A4-9521-2E31295317EA}"
EndProject
Global
	GlobalSection(SolutionConfigurationPlatforms) = preSolution
		Debug|Any CPU = Debug|Any CPU
		Release|Any CPU = Release|Any CPU
	EndGlobalSection
	GlobalSection(ProjectConfigurationPlatforms) = postSolution
		{981B4266-DEC6-40A4-9521-2E31295317EA}.Debug|Any CPU.ActiveCfg = Debug|Any CPU
		{981B4266-DEC6-40A4-9521-2E31295317EA}.Debug|Any CPU.Build.0 = Debug|Any CPU
		{981B4266-DEC6-40A4-9521-2E31295317EA}.Release|Any CPU.ActiveCfg = Release|Any CPU
		{981B4266-DEC6-40A4-9521-2E31295317EA}.Release|Any CPU.Build.0 = Release|Any CPU
	EndGlobalSection
	GlobalSection(SolutionProperties) = preSolution
		HideSolutionNode = FALSE
	EndGlobalSection
EndGlobal
